
Microsoft Visual Studio Solution File, Format Version 12.00
# Visual Studio Version 17
VisualStudioVersion = 17.8.34322.80
MinimumVisualStudioVersion = 10.0.40219.1
Project("{FAE04EC0-301F-11D3-BF4B-00C04F79EFBC}") = "PARKING", "PARKING\PARKING.csproj", "{29C4AA53-36A0-4709-80D1-5A8F4E54DE25}"
EndProject
Global
	GlobalSection(SolutionConfigurationPlatforms) = preSolution
		Debug|Any CPU = Debug|Any CPU
		Release|Any CPU = Release|Any CPU
	EndGlobalSection
	GlobalSection(ProjectConfigurationPlatforms) = postSolution
		{29C4AA53-36A0-4709-80D1-5A8F4E54DE25}.Debug|Any CPU.ActiveCfg = Debug|Any CPU
		{29C4AA53-36A0-4709-80D1-5A8F4E54DE25}.Debug|Any CPU.Build.0 = Debug|Any CPU
		{29C4AA53-36A0-4709-80D1-5A8F4E54DE25}.Release|Any CPU.ActiveCfg = Release|Any CPU
		{29C4AA53-36A0-4709-80D1-5A8F4E54DE25}.Release|Any CPU.Build.0 = Release|Any CPU
	EndGlobalSection
	GlobalSection(SolutionProperties) = preSolution
		HideSolutionNode = FALSE
	EndGlobalSection
	GlobalSection(ExtensibilityGlobals) = postSolution
		SolutionGuid = {8E21846F-6832-4B71-BCA3-2A66F80F4EC1}
	EndGlobalSection
EndGlobal
